
Microsoft Visual Studio Solution File, Format Version 12.00
# Visual Studio 15
VisualStudioVersion = 15.0.26430.16
MinimumVisualStudioVersion = 10.0.40219.1
Project("{9A19103F-16F7-4668-BE54-9A1E7A4F7556}") = "nyom.pushsender", "nyom.pushsender\nyom.pushsender.csproj", "{CE28CD54-E412-4B0F-8FF5-E29C76E112D9}"
EndProject
Project("{9A19103F-16F7-4668-BE54-9A1E7A4F7556}") = "nyom.queuebuilder", "nyom.queuebuilder\nyom.queuebuilder.csproj", "{9D1AB06B-7DF7-4B11-978F-48E1453A42FC}"
EndProject
Project("{9A19103F-16F7-4668-BE54-9A1E7A4F7556}") = "nyom.domain", "nyom.domain\nyom.domain.csproj", "{57C2E98F-69B6-413C-8A97-E05919E2622E}"
EndProject
Project("{9A19103F-16F7-4668-BE54-9A1E7A4F7556}") = "nyom.infra", "nyom.infra\nyom.infra.csproj", "{D9DBFD86-24EB-405E-9505-6755ED5AF92C}"
EndProject
Project("{9A19103F-16F7-4668-BE54-9A1E7A4F7556}") = "nyom.domain.core", "nyom.domain.core\nyom.domain.core.csproj", "{FD6C491A-2BA8-4F41-AE1D-1B4FDFD5AB5C}"
EndProject
Project("{E53339B2-1760-4266-BCC7-CA923CBCF16C}") = "docker-compose", "docker-compose.dcproj", "{14D914D8-9736-4D4D-89F9-39898F69E5D6}"
EndProject
Global
	GlobalSection(SolutionConfigurationPlatforms) = preSolution
		Debug|Any CPU = Debug|Any CPU
		Release|Any CPU = Release|Any CPU
	EndGlobalSection
	GlobalSection(ProjectConfigurationPlatforms) = postSolution
		{CE28CD54-E412-4B0F-8FF5-E29C76E112D9}.Debug|Any CPU.ActiveCfg = Debug|Any CPU
		{CE28CD54-E412-4B0F-8FF5-E29C76E112D9}.Debug|Any CPU.Build.0 = Debug|Any CPU
		{CE28CD54-E412-4B0F-8FF5-E29C76E112D9}.Release|Any CPU.ActiveCfg = Release|Any CPU
		{CE28CD54-E412-4B0F-8FF5-E29C76E112D9}.Release|Any CPU.Build.0 = Release|Any CPU
		{9D1AB06B-7DF7-4B11-978F-48E1453A42FC}.Debug|Any CPU.ActiveCfg = Debug|Any CPU
		{9D1AB06B-7DF7-4B11-978F-48E1453A42FC}.Debug|Any CPU.Build.0 = Debug|Any CPU
		{9D1AB06B-7DF7-4B11-978F-48E1453A42FC}.Release|Any CPU.ActiveCfg = Release|Any CPU
		{9D1AB06B-7DF7-4B11-978F-48E1453A42FC}.Release|Any CPU.Build.0 = Release|Any CPU
		{57C2E98F-69B6-413C-8A97-E05919E2622E}.Debug|Any CPU.ActiveCfg = Debug|Any CPU
		{57C2E98F-69B6-413C-8A97-E05919E2622E}.Debug|Any CPU.Build.0 = Debug|Any CPU
		{57C2E98F-69B6-413C-8A97-E05919E2622E}.Release|Any CPU.ActiveCfg = Release|Any CPU
		{57C2E98F-69B6-413C-8A97-E05919E2622E}.Release|Any CPU.Build.0 = Release|Any CPU
		{D9DBFD86-24EB-405E-9505-6755ED5AF92C}.Debug|Any CPU.ActiveCfg = Debug|Any CPU
		{D9DBFD86-24EB-405E-9505-6755ED5AF92C}.Debug|Any CPU.Build.0 = Debug|Any CPU
		{D9DBFD86-24EB-405E-9505-6755ED5AF92C}.Release|Any CPU.ActiveCfg = Release|Any CPU
		{D9DBFD86-24EB-405E-9505-6755ED5AF92C}.Release|Any CPU.Build.0 = Release|Any CPU
		{FD6C491A-2BA8-4F41-AE1D-1B4FDFD5AB5C}.Debug|Any CPU.ActiveCfg = Debug|Any CPU
		{FD6C491A-2BA8-4F41-AE1D-1B4FDFD5AB5C}.Debug|Any CPU.Build.0 = Debug|Any CPU
		{FD6C491A-2BA8-4F41-AE1D-1B4FDFD5AB5C}.Release|Any CPU.ActiveCfg = Release|Any CPU
		{FD6C491A-2BA8-4F41-AE1D-1B4FDFD5AB5C}.Release|Any CPU.Build.0 = Release|Any CPU
		{14D914D8-9736-4D4D-89F9-39898F69E5D6}.Debug|Any CPU.ActiveCfg = Debug|Any CPU
		{14D914D8-9736-4D4D-89F9-39898F69E5D6}.Debug|Any CPU.Build.0 = Debug|Any CPU
		{14D914D8-9736-4D4D-89F9-39898F69E5D6}.Release|Any CPU.ActiveCfg = Release|Any CPU
		{14D914D8-9736-4D4D-89F9-39898F69E5D6}.Release|Any CPU.Build.0 = Release|Any CPU
	EndGlobalSection
	GlobalSection(SolutionProperties) = preSolution
		HideSolutionNode = FALSE
	EndGlobalSection
EndGlobal
