
Microsoft Visual Studio Solution File, Format Version 12.00
# Visual Studio 15
VisualStudioVersion = 15.0.26430.16
MinimumVisualStudioVersion = 10.0.40219.1
Project("{9A19103F-16F7-4668-BE54-9A1E7A4F7556}") = "nyom.pushsender", "nyom.pushsender\nyom.pushsender.csproj", "{CE28CD54-E412-4B0F-8FF5-E29C76E112D9}"
EndProject
Project("{9A19103F-16F7-4668-BE54-9A1E7A4F7556}") = "nyom.queuebuilder", "nyom.queuebuilder\nyom.queuebuilder.csproj", "{9D1AB06B-7DF7-4B11-978F-48E1453A42FC}"
EndProject
Project("{9A19103F-16F7-4668-BE54-9A1E7A4F7556}") = "nyom.domain", "nyom.domain\nyom.domain.csproj", "{57C2E98F-69B6-413C-8A97-E05919E2622E}"
EndProject
Project("{9A19103F-16F7-4668-BE54-9A1E7A4F7556}") = "nyom.infra", "nyom.infra\nyom.infra.csproj", "{D9DBFD86-24EB-405E-9505-6755ED5AF92C}"
EndProject
Project("{9A19103F-16F7-4668-BE54-9A1E7A4F7556}") = "nyom.workflow", "nyom.workflow\nyom.workflow.csproj", "{AA54DF4F-4110-41B1-BE13-DC236A35AD90}"
EndProject
Project("{9A19103F-16F7-4668-BE54-9A1E7A4F7556}") = "nyom.api", "nyom.api\nyom.api.csproj", "{9DB5354D-DCC1-493A-B39A-3AB626D6E4E3}"
EndProject
Project("{E53339B2-1760-4266-BCC7-CA923CBCF16C}") = "docker-compose", "docker-compose.dcproj", "{9CAB0CFA-F299-4648-AA13-9156FB281F26}"
EndProject
Project("{9A19103F-16F7-4668-BE54-9A1E7A4F7556}") = "nyom.messagebuilder", "nyom.messagebuilder\nyom.messagebuilder.csproj", "{39368EDB-6A86-4FFA-8627-13E13226D71B}"
EndProject
Project("{FAE04EC0-301F-11D3-BF4B-00C04F79EFBC}") = "nyom.workflowmanager", "nyom.workflowmanager\nyom.workflowmanager.csproj", "{AF0030F3-D3A9-43A1-A02D-6E76C33C5048}"
EndProject
Project("{FAE04EC0-301F-11D3-BF4B-00C04F79EFBC}") = "nyom.domaincore", "nyom.domaincore\nyom.domaincore.csproj", "{202682E3-CEFB-4654-A6AE-5DD8F9E58F29}"
EndProject
Global
	GlobalSection(SolutionConfigurationPlatforms) = preSolution
		Debug|Any CPU = Debug|Any CPU
		Release|Any CPU = Release|Any CPU
	EndGlobalSection
	GlobalSection(ProjectConfigurationPlatforms) = postSolution
		{CE28CD54-E412-4B0F-8FF5-E29C76E112D9}.Debug|Any CPU.ActiveCfg = Debug|Any CPU
		{CE28CD54-E412-4B0F-8FF5-E29C76E112D9}.Debug|Any CPU.Build.0 = Debug|Any CPU
		{CE28CD54-E412-4B0F-8FF5-E29C76E112D9}.Release|Any CPU.ActiveCfg = Release|Any CPU
		{CE28CD54-E412-4B0F-8FF5-E29C76E112D9}.Release|Any CPU.Build.0 = Release|Any CPU
		{9D1AB06B-7DF7-4B11-978F-48E1453A42FC}.Debug|Any CPU.ActiveCfg = Debug|Any CPU
		{9D1AB06B-7DF7-4B11-978F-48E1453A42FC}.Debug|Any CPU.Build.0 = Debug|Any CPU
		{9D1AB06B-7DF7-4B11-978F-48E1453A42FC}.Release|Any CPU.ActiveCfg = Release|Any CPU
		{9D1AB06B-7DF7-4B11-978F-48E1453A42FC}.Release|Any CPU.Build.0 = Release|Any CPU
		{57C2E98F-69B6-413C-8A97-E05919E2622E}.Debug|Any CPU.ActiveCfg = Debug|Any CPU
		{57C2E98F-69B6-413C-8A97-E05919E2622E}.Debug|Any CPU.Build.0 = Debug|Any CPU
		{57C2E98F-69B6-413C-8A97-E05919E2622E}.Release|Any CPU.ActiveCfg = Release|Any CPU
		{57C2E98F-69B6-413C-8A97-E05919E2622E}.Release|Any CPU.Build.0 = Release|Any CPU
		{D9DBFD86-24EB-405E-9505-6755ED5AF92C}.Debug|Any CPU.ActiveCfg = Debug|Any CPU
		{D9DBFD86-24EB-405E-9505-6755ED5AF92C}.Debug|Any CPU.Build.0 = Debug|Any CPU
		{D9DBFD86-24EB-405E-9505-6755ED5AF92C}.Release|Any CPU.ActiveCfg = Release|Any CPU
		{D9DBFD86-24EB-405E-9505-6755ED5AF92C}.Release|Any CPU.Build.0 = Release|Any CPU
		{AA54DF4F-4110-41B1-BE13-DC236A35AD90}.Debug|Any CPU.ActiveCfg = Debug|Any CPU
		{AA54DF4F-4110-41B1-BE13-DC236A35AD90}.Debug|Any CPU.Build.0 = Debug|Any CPU
		{AA54DF4F-4110-41B1-BE13-DC236A35AD90}.Release|Any CPU.ActiveCfg = Release|Any CPU
		{AA54DF4F-4110-41B1-BE13-DC236A35AD90}.Release|Any CPU.Build.0 = Release|Any CPU
		{9DB5354D-DCC1-493A-B39A-3AB626D6E4E3}.Debug|Any CPU.ActiveCfg = Debug|Any CPU
		{9DB5354D-DCC1-493A-B39A-3AB626D6E4E3}.Debug|Any CPU.Build.0 = Debug|Any CPU
		{9DB5354D-DCC1-493A-B39A-3AB626D6E4E3}.Release|Any CPU.ActiveCfg = Release|Any CPU
		{9DB5354D-DCC1-493A-B39A-3AB626D6E4E3}.Release|Any CPU.Build.0 = Release|Any CPU
		{9CAB0CFA-F299-4648-AA13-9156FB281F26}.Debug|Any CPU.ActiveCfg = Debug|Any CPU
		{9CAB0CFA-F299-4648-AA13-9156FB281F26}.Debug|Any CPU.Build.0 = Debug|Any CPU
		{9CAB0CFA-F299-4648-AA13-9156FB281F26}.Release|Any CPU.ActiveCfg = Release|Any CPU
		{9CAB0CFA-F299-4648-AA13-9156FB281F26}.Release|Any CPU.Build.0 = Release|Any CPU
		{39368EDB-6A86-4FFA-8627-13E13226D71B}.Debug|Any CPU.ActiveCfg = Debug|Any CPU
		{39368EDB-6A86-4FFA-8627-13E13226D71B}.Debug|Any CPU.Build.0 = Debug|Any CPU
		{39368EDB-6A86-4FFA-8627-13E13226D71B}.Release|Any CPU.ActiveCfg = Release|Any CPU
		{39368EDB-6A86-4FFA-8627-13E13226D71B}.Release|Any CPU.Build.0 = Release|Any CPU
		{AF0030F3-D3A9-43A1-A02D-6E76C33C5048}.Debug|Any CPU.ActiveCfg = Debug|Any CPU
		{AF0030F3-D3A9-43A1-A02D-6E76C33C5048}.Debug|Any CPU.Build.0 = Debug|Any CPU
		{AF0030F3-D3A9-43A1-A02D-6E76C33C5048}.Release|Any CPU.ActiveCfg = Release|Any CPU
		{AF0030F3-D3A9-43A1-A02D-6E76C33C5048}.Release|Any CPU.Build.0 = Release|Any CPU
		{202682E3-CEFB-4654-A6AE-5DD8F9E58F29}.Debug|Any CPU.ActiveCfg = Debug|Any CPU
		{202682E3-CEFB-4654-A6AE-5DD8F9E58F29}.Debug|Any CPU.Build.0 = Debug|Any CPU
		{202682E3-CEFB-4654-A6AE-5DD8F9E58F29}.Release|Any CPU.ActiveCfg = Release|Any CPU
		{202682E3-CEFB-4654-A6AE-5DD8F9E58F29}.Release|Any CPU.Build.0 = Release|Any CPU
	EndGlobalSection
	GlobalSection(SolutionProperties) = preSolution
		HideSolutionNode = FALSE
	EndGlobalSection
	GlobalSection(ExtensibilityGlobals) = postSolution
		SolutionGuid = {3E575712-52FA-43DE-9435-71D367257976}
	EndGlobalSection
EndGlobal
